
Microsoft Visual Studio Solution File, Format Version 12.00
# Visual Studio Version 17
VisualStudioVersion = 17.6.33829.357
MinimumVisualStudioVersion = 10.0.40219.1
Project("{9A19103F-16F7-4668-BE54-9A1E7A4F7556}") = "PropertySolutionHub", "PropertySolutionHub\PropertySolutionHub.csproj", "{C3F22EFB-E7A7-4CF1-979A-D530374A6FB4}"
EndProject
Global
	GlobalSection(SolutionConfigurationPlatforms) = preSolution
		Debug|Any CPU = Debug|Any CPU
		Release|Any CPU = Release|Any CPU
	EndGlobalSection
	GlobalSection(ProjectConfigurationPlatforms) = postSolution
		{C3F22EFB-E7A7-4CF1-979A-D530374A6FB4}.Debug|Any CPU.ActiveCfg = Debug|Any CPU
		{C3F22EFB-E7A7-4CF1-979A-D530374A6FB4}.Debug|Any CPU.Build.0 = Debug|Any CPU
		{C3F22EFB-E7A7-4CF1-979A-D530374A6FB4}.Release|Any CPU.ActiveCfg = Release|Any CPU
		{C3F22EFB-E7A7-4CF1-979A-D530374A6FB4}.Release|Any CPU.Build.0 = Release|Any CPU
	EndGlobalSection
	GlobalSection(SolutionProperties) = preSolution
		HideSolutionNode = FALSE
	EndGlobalSection
	GlobalSection(ExtensibilityGlobals) = postSolution
		SolutionGuid = {4401C754-4F1C-4825-9D03-5FB83BF07F28}
	EndGlobalSection
EndGlobal
